<?xml version="1.0" encoding="utf-8"?>
<Project ToolsVersion="4.0" xmlns="http://schemas.microsoft.com/developer/msbuild/2003">
  <ItemGroup>
    <Filter Include="Library">
      <UniqueIdentifier>{d5173dcf-2786-4f98-bd55-d03549637dfe}</UniqueIdentifier>
    </Filter>
    <Filter Include="Src">
      <UniqueIdentifier>{80d0a5a9-6779-4863-bede-cc22a4986dc5}</UniqueIdentifier>
    </Filter>
    <Filter Include="Src\Framework">
      <UniqueIdentifier>{f5928314-3ee2-4e39-abfa-d93aa9ee5891}</UniqueIdentifier>
    </Filter>
    <Filter Include="Src\Framework\Direct3D">
      <UniqueIdentifier>{f193abd5-e51c-466e-a937-722bc9175e9a}</UniqueIdentifier>
    </Filter>
    <Filter Include="Src\Framework\Utility">
      <UniqueIdentifier>{f5d733b1-5031-4659-a9d4-0dd3add1e5fb}</UniqueIdentifier>
    </Filter>
    <Filter Include="Src\Framework\Window">
      <UniqueIdentifier>{cb022f2a-c5a2-449b-9b70-5110aff8550f}</UniqueIdentifier>
    </Filter>
    <Filter Include="Library\tinygltf">
      <UniqueIdentifier>{307bfbcd-124f-4ad7-85f5-3fd94f814b1f}</UniqueIdentifier>
    </Filter>
    <Filter Include="Src\Framework\Shader">
      <UniqueIdentifier>{93543c0c-58fe-4a94-8279-7be3021b65b1}</UniqueIdentifier>
    </Filter>
    <Filter Include="Src\Framework\Shader\SpriteShader">
      <UniqueIdentifier>{2da4d471-f4e8-4b2d-bdef-b93f91523b8b}</UniqueIdentifier>
    </Filter>
    <Filter Include="Src\Application">
      <UniqueIdentifier>{d0d0f9cf-dabd-4346-bc9a-d9c04cf42372}</UniqueIdentifier>
    </Filter>
    <Filter Include="Src\Framework\Math">
      <UniqueIdentifier>{04f33e76-24f0-4a58-9355-5770b3f6f9c6}</UniqueIdentifier>
    </Filter>
    <Filter Include="Src\Framework\Audio">
      <UniqueIdentifier>{2a0de30f-d7e8-4517-a9a1-20de6e434592}</UniqueIdentifier>
    </Filter>
    <Filter Include="Src\Framework\Shader\HD2DShader">
      <UniqueIdentifier>{857913be-4481-4606-9719-87518d4a6aeb}</UniqueIdentifier>
    </Filter>
    <Filter Include="Src\System">
      <UniqueIdentifier>{256347e2-b865-40db-a803-ea2406075a10}</UniqueIdentifier>
    </Filter>
    <Filter Include="Src\Framework\Shader\PostProcessShader">
      <UniqueIdentifier>{bfef98c3-f0b2-41b1-b813-6f298072287b}</UniqueIdentifier>
    </Filter>
    <Filter Include="Src\System">
      <UniqueIdentifier>{4bdc25a2-3137-4213-a263-36b8d2ec5162}</UniqueIdentifier>
    </Filter>
    <Filter Include="Src\Framework\GameObject">
      <UniqueIdentifier>{d45ba257-913b-44e3-a012-888d7b6f2b68}</UniqueIdentifier>
    </Filter>
    <Filter Include="Src\Framework\Input">
      <UniqueIdentifier>{9bd33b87-53db-4bc0-b98d-80db98f4ba9b}</UniqueIdentifier>
    </Filter>
    <Filter Include="Src\Framework\Direct3D\Polygon">
      <UniqueIdentifier>{b91bce2d-4487-485a-a855-b2bb6ce0d30b}</UniqueIdentifier>
    </Filter>
    <Filter Include="Src\Application\Main">
      <UniqueIdentifier>{609a01bb-b29e-4857-a49c-c81bf657c089}</UniqueIdentifier>
    </Filter>
    <Filter Include="Src\Application\Scene">
      <UniqueIdentifier>{fb6ff717-da42-4d58-b409-b3c131e75ace}</UniqueIdentifier>
    </Filter>
    <Filter Include="Src\Application\Object">
      <UniqueIdentifier>{3f5a8ba5-115c-4850-b1be-7596f9f33ef2}</UniqueIdentifier>
    </Filter>
    <Filter Include="Src\Application\Scene\BaseScene">
      <UniqueIdentifier>{67c02e2a-9b07-409b-b844-6dd64fae02dc}</UniqueIdentifier>
    </Filter>
    <Filter Include="Src\Application\Object\BaseObeject">
      <UniqueIdentifier>{24b5ff17-55da-4b4b-ae25-be9fa6c32bef}</UniqueIdentifier>
    </Filter>
    <Filter Include="Src\Application\Object\CameraObject">
      <UniqueIdentifier>{ad5fad5c-e48f-4441-8a7a-8e3801c40c8d}</UniqueIdentifier>
    </Filter>
    <Filter Include="Src\Application\Object\Model">
      <UniqueIdentifier>{dc0d8ae0-173d-4056-a7b5-564cd395e9ff}</UniqueIdentifier>
    </Filter>
    <Filter Include="Src\Application\Object\Model\BordModel">
      <UniqueIdentifier>{86244f91-6aba-40dd-ae98-8665cb7703c0}</UniqueIdentifier>
    </Filter>
    <Filter Include="Src\Application\Scene\GameScene">
      <UniqueIdentifier>{03c6e768-185a-4b76-b2ec-684b22bf0fc2}</UniqueIdentifier>
    </Filter>
    <Filter Include="Src\Application\Object\Model\SkyBox">
      <UniqueIdentifier>{242180c7-f542-45df-8fdb-62ceb738e84d}</UniqueIdentifier>
    </Filter>
    <Filter Include="Src\Application\Object\Model\SelectingBord">
      <UniqueIdentifier>{a832b4e4-f331-45b5-8199-03b33c8e354a}</UniqueIdentifier>
    </Filter>
    <Filter Include="Src\Application\Object\Model\PieceObject">
      <UniqueIdentifier>{871e2400-b974-41e8-b341-07359e6be37d}</UniqueIdentifier>
    </Filter>
    <Filter Include="Src\Application\Object\Model\PieceObject\PieceBaseObject">
      <UniqueIdentifier>{697fc163-d7a9-4837-9539-6d659569a17a}</UniqueIdentifier>
    </Filter>
    <Filter Include="Src\Application\Object\UI">
      <UniqueIdentifier>{537864e1-60b0-4133-9209-e02a5dff0fc9}</UniqueIdentifier>
    </Filter>
    <Filter Include="Src\Application\Object\UI\PieceSelectingUI">
      <UniqueIdentifier>{d3382e8e-a786-476d-af0b-5a047d84a4a4}</UniqueIdentifier>
    </Filter>
    <Filter Include="Src\Application\Object\Model\PieceObject\Bishop">
      <UniqueIdentifier>{0fb7f47d-aa2c-4589-82c1-31520f63df98}</UniqueIdentifier>
    </Filter>
    <Filter Include="Src\Application\Object\Model\PieceObject\Knight">
      <UniqueIdentifier>{f74d0c11-ecb3-47fa-b719-4109e396253f}</UniqueIdentifier>
    </Filter>
    <Filter Include="Src\Application\Object\Model\PieceObject\Pawn">
      <UniqueIdentifier>{476c3982-0e41-408d-b693-9660d812bbd4}</UniqueIdentifier>
    </Filter>
    <Filter Include="Src\Application\Object\Model\PieceObject\King">
      <UniqueIdentifier>{e7753d9c-ed2e-445b-a873-3f0142c5cb4f}</UniqueIdentifier>
    </Filter>
    <Filter Include="Src\Application\Object\Model\PieceObject\Queen">
      <UniqueIdentifier>{ba1d10a4-0bf8-443e-8454-3aadc2429452}</UniqueIdentifier>
    </Filter>
    <Filter Include="Src\Application\Object\Model\PieceObject\Rook">
      <UniqueIdentifier>{0882b844-9484-426b-98b2-f7821bf69b42}</UniqueIdentifier>
    </Filter>
    <Filter Include="Src\Application\Scene\SceneManager">
      <UniqueIdentifier>{bd511219-124a-4f4a-b3aa-cb3d1685dbc9}</UniqueIdentifier>
    </Filter>
    <Filter Include="Src\Application\Scene\TitleScene">
      <UniqueIdentifier>{a0b97175-3aa5-4909-9879-8804891ed64d}</UniqueIdentifier>
    </Filter>
  </ItemGroup>
  <ItemGroup>
    <ClInclude Include="src\Pch.h">
      <Filter>Src</Filter>
    </ClInclude>
    <ClInclude Include="..\Library\tinygltf\json.hpp">
      <Filter>Library\tinygltf</Filter>
    </ClInclude>
    <ClInclude Include="..\Library\tinygltf\stb_image.h">
      <Filter>Library\tinygltf</Filter>
    </ClInclude>
    <ClInclude Include="..\Library\tinygltf\stb_image_write.h">
      <Filter>Library\tinygltf</Filter>
    </ClInclude>
    <ClInclude Include="..\Library\tinygltf\tiny_gltf.h">
      <Filter>Library\tinygltf</Filter>
    </ClInclude>
    <ClInclude Include="src\Framework\Direct3D\KdDirect3D.h">
      <Filter>Src\Framework\Direct3D</Filter>
    </ClInclude>
    <ClInclude Include="src\Framework\Direct3D\KdTexture.h">
      <Filter>Src\Framework\Direct3D</Filter>
    </ClInclude>
    <ClInclude Include="src\Framework\Direct3D\KdBuffer.h">
      <Filter>Src\Framework\Direct3D</Filter>
    </ClInclude>
    <ClInclude Include="Src\Framework\Direct3D\KdGLTFLoader.h">
      <Filter>Src\Framework\Direct3D</Filter>
    </ClInclude>
    <ClInclude Include="Src\Framework\Shader\KdShaderManager.h">
      <Filter>Src\Framework\Shader</Filter>
    </ClInclude>
    <ClInclude Include="Src\Framework\Shader\SpriteShader\KdSpriteShader.h">
      <Filter>Src\Framework\Shader\SpriteShader</Filter>
    </ClInclude>
    <ClInclude Include="src\Framework\Utility\KdUtility.h">
      <Filter>Src\Framework\Utility</Filter>
    </ClInclude>
    <ClInclude Include="src\Framework\KdFramework.h">
      <Filter>Src\Framework</Filter>
    </ClInclude>
    <ClInclude Include="..\Library\strconv.h">
      <Filter>Library</Filter>
    </ClInclude>
    <ClInclude Include="src\Framework\Window\KdWindow.h">
      <Filter>Src\Framework\Window</Filter>
    </ClInclude>
    <ClInclude Include="src\Framework\Direct3D\KdMesh.h">
      <Filter>Src\Framework\Direct3D</Filter>
    </ClInclude>
    <ClInclude Include="Src\Framework\Direct3D\KdModel.h">
      <Filter>Src\Framework\Direct3D</Filter>
    </ClInclude>
    <ClInclude Include="Src\Framework\Math\KdCollision.h">
      <Filter>Src\Framework\Math</Filter>
    </ClInclude>
    <ClInclude Include="Src\Framework\Math\KdAnimation.h">
      <Filter>Src\Framework\Math</Filter>
    </ClInclude>
    <ClInclude Include="Src\Framework\Audio\KdAudio.h">
      <Filter>Src\Framework\Audio</Filter>
    </ClInclude>
    <ClInclude Include="Src\Framework\Direct3D\KdCamera.h">
      <Filter>Src\Framework\Direct3D</Filter>
    </ClInclude>
    <ClInclude Include="Src\Framework\Shader\HD2DShader\KdHD2DShader.h">
      <Filter>Src\Framework\Shader\HD2DShader</Filter>
    </ClInclude>
    <ClInclude Include="Src\Framework\Shader\PostProcessShader\KdPostProcessShader.h">
      <Filter>Src\Framework\Shader\PostProcessShader</Filter>
    </ClInclude>
    <ClInclude Include="Src\Framework\Math\KdCollider.h">
      <Filter>Src\Framework\Math</Filter>
    </ClInclude>
    <ClInclude Include="Src\Framework\Math\KdEasing.h">
      <Filter>Src\Framework\Math</Filter>
    </ClInclude>
    <ClInclude Include="Src\Framework\GameObject\KdGameObject.h">
      <Filter>Src\Framework\GameObject</Filter>
    </ClInclude>
    <ClInclude Include="Src\Framework\GameObject\KdGameObjectFactory.h">
      <Filter>Src\Framework\GameObject</Filter>
    </ClInclude>
    <ClInclude Include="Src\Framework\Input\KdInput.h">
      <Filter>Src\Framework\Input</Filter>
    </ClInclude>
    <ClInclude Include="Src\Framework\Utility\KdCSVData.h">
      <Filter>Src\Framework\Utility</Filter>
    </ClInclude>
    <ClInclude Include="Src\Framework\Direct3D\Polygon\KdPolygon.h">
      <Filter>Src\Framework\Direct3D\Polygon</Filter>
    </ClInclude>
    <ClInclude Include="Src\Framework\Direct3D\Polygon\KdSquarePolygon.h">
      <Filter>Src\Framework\Direct3D\Polygon</Filter>
    </ClInclude>
    <ClInclude Include="Src\Framework\Direct3D\Polygon\KdTrailPolygon.h">
      <Filter>Src\Framework\Direct3D\Polygon</Filter>
    </ClInclude>
    <ClInclude Include="Src\Framework\Direct3D\KdMaterial.h">
      <Filter>Src\Framework\Direct3D</Filter>
    </ClInclude>
    <ClInclude Include="Src\Framework\Utility\KdDataStorage.h">
      <Filter>Src\Framework\Utility</Filter>
    </ClInclude>
    <ClInclude Include="Src\Framework\Shader\KdAmbientController.h">
      <Filter>Src\Framework\Shader</Filter>
    </ClInclude>
    <ClInclude Include="Src\Framework\Math\KdUVAnimation.h">
      <Filter>Src\Framework\Math</Filter>
    </ClInclude>
    <ClInclude Include="Src\Framework\Shader\KdRenderTargetChange.h">
      <Filter>Src\Framework\Shader</Filter>
    </ClInclude>
    <ClInclude Include="Src\Framework\Utility\KdFPSController.h">
      <Filter>Src\Framework\Utility</Filter>
    </ClInclude>
    <ClInclude Include="Src\Framework\Utility\KdDebugWireFrame.h">
      <Filter>Src\Framework\Utility</Filter>
    </ClInclude>
    <ClInclude Include="Src\Application\main.h">
      <Filter>Src\Application\Main</Filter>
    </ClInclude>
    <ClInclude Include="Src\Application\Object\BaseObject\BaseObject.h">
      <Filter>Src\Application\Object\BaseObeject</Filter>
    </ClInclude>
    <ClInclude Include="Src\Application\Object\CameraObject\Camera.h">
      <Filter>Src\Application\Object\CameraObject</Filter>
    </ClInclude>
    <ClInclude Include="Src\Application\Object\BordObject\BordObject.h">
      <Filter>Src\Application\Object\Model\BordModel</Filter>
    </ClInclude>
    <ClInclude Include="Src\Application\Scene\BaseScene\BaseScene.h">
      <Filter>Src\Application\Scene\BaseScene</Filter>
    </ClInclude>
    <ClInclude Include="Src\Application\Scene\GameScene\GameScene.h">
      <Filter>Src\Application\Scene\GameScene</Filter>
    </ClInclude>
    <ClInclude Include="Src\Application\Object\PieceObject\KingPiece\KingPieceObject.h">
      <Filter>Src\Application\Object\Model\PieceObject\King</Filter>
    </ClInclude>
    <ClInclude Include="Src\Application\Object\PieceObject\PieceBaseObject\PieceBaseObject.h">
      <Filter>Src\Application\Object\Model\PieceObject\PieceBaseObject</Filter>
    </ClInclude>
    <ClInclude Include="Src\Application\Object\PieceObject\QueenPiece\QueenPieceObject.h">
      <Filter>Src\Application\Object\Model\PieceObject\Queen</Filter>
    </ClInclude>
    <ClInclude Include="Src\Application\Object\PieceObject\RookPiece\RookPieceObject.h">
      <Filter>Src\Application\Object\Model\PieceObject\Rook</Filter>
    </ClInclude>
    <ClInclude Include="Src\Application\Object\SkyBox\SkyBox.h">
      <Filter>Src\Application\Object\Model\SkyBox</Filter>
    </ClInclude>
    <ClInclude Include="Src\Application\Object\SelectingBord\SelectingBord.h">
      <Filter>Src\Application\Object\Model\SelectingBord</Filter>
    </ClInclude>
    <ClInclude Include="Src\Application\UI\PieceSelectingUI\PieceSelectingUI.h">
      <Filter>Src\Application\Object\UI\PieceSelectingUI</Filter>
    </ClInclude>
    <ClInclude Include="Src\Application\Object\PieceObject\PawnPiece\PawnPieceObject.h">
      <Filter>Src\Application\Object\Model\PieceObject\Pawn</Filter>
    </ClInclude>
    <ClInclude Include="Src\Application\Object\PieceObject\BishopPiece\BishopPieceObject.h">
      <Filter>Src\Application\Object\Model\PieceObject\Bishop</Filter>
    </ClInclude>
    <ClInclude Include="Src\Application\Object\PieceObject\Piece_Include_Config.h">
      <Filter>Src\Application\Object\Model\PieceObject</Filter>
    </ClInclude>
    <ClInclude Include="Src\Application\Object\PieceObject\KnightPiece\KnightPieceObject.h">
      <Filter>Src\Application\Object\Model\PieceObject\Knight</Filter>
    </ClInclude>
    <ClInclude Include="Src\Application\Scene\SceneManager\SceneManager.h">
      <Filter>Src\Application\Scene\SceneManager</Filter>
    </ClInclude>
    <ClInclude Include="Src\Application\Scene\TitleScene\TitleScene.h">
      <Filter>Src\Application\Scene\TitleScene</Filter>
    </ClInclude>
  </ItemGroup>
  <ItemGroup>
    <ClCompile Include="src\Pch.cpp">
      <Filter>Src</Filter>
    </ClCompile>
    <ClCompile Include="src\Framework\Direct3D\KdDirect3D.cpp">
      <Filter>Src\Framework\Direct3D</Filter>
    </ClCompile>
    <ClCompile Include="src\Framework\Direct3D\KdTexture.cpp">
      <Filter>Src\Framework\Direct3D</Filter>
    </ClCompile>
    <ClCompile Include="src\Framework\Direct3D\KdBuffer.cpp">
      <Filter>Src\Framework\Direct3D</Filter>
    </ClCompile>
    <ClCompile Include="Src\Framework\Direct3D\KdGLTFLoader.cpp">
      <Filter>Src\Framework\Direct3D</Filter>
    </ClCompile>
    <ClCompile Include="Src\Framework\Shader\KdShaderManager.cpp">
      <Filter>Src\Framework\Shader</Filter>
    </ClCompile>
    <ClCompile Include="Src\Framework\Shader\SpriteShader\KdSpriteShader.cpp">
      <Filter>Src\Framework\Shader\SpriteShader</Filter>
    </ClCompile>
    <ClCompile Include="src\Framework\Window\KdWindow.cpp">
      <Filter>Src\Framework\Window</Filter>
    </ClCompile>
    <ClCompile Include="Src\Framework\Utility\KdUtility.cpp">
      <Filter>Src\Framework\Utility</Filter>
    </ClCompile>
    <ClCompile Include="src\Framework\Direct3D\KdMesh.cpp">
      <Filter>Src\Framework\Direct3D</Filter>
    </ClCompile>
    <ClCompile Include="Src\Framework\Direct3D\KdModel.cpp">
      <Filter>Src\Framework\Direct3D</Filter>
    </ClCompile>
    <ClCompile Include="Src\Framework\Math\KdCollision.cpp">
      <Filter>Src\Framework\Math</Filter>
    </ClCompile>
    <ClCompile Include="Src\Framework\Math\KdAnimation.cpp">
      <Filter>Src\Framework\Math</Filter>
    </ClCompile>
    <ClCompile Include="Src\Framework\Audio\KdAudio.cpp">
      <Filter>Src\Framework\Audio</Filter>
    </ClCompile>
    <ClCompile Include="Src\Framework\Direct3D\KdCamera.cpp">
      <Filter>Src\Framework\Direct3D</Filter>
    </ClCompile>
    <ClCompile Include="Src\Framework\Shader\HD2DShader\KdHD2DShader.cpp">
      <Filter>Src\Framework\Shader\HD2DShader</Filter>
    </ClCompile>
    <ClCompile Include="Src\Framework\Shader\PostProcessShader\KdPostProcessShader.cpp">
      <Filter>Src\Framework\Shader\PostProcessShader</Filter>
    </ClCompile>
    <ClCompile Include="Src\Framework\Math\KdCollider.cpp">
      <Filter>Src\Framework\Math</Filter>
    </ClCompile>
    <ClCompile Include="Src\Framework\Math\KdEasing.cpp">
      <Filter>Src\Framework\Math</Filter>
    </ClCompile>
    <ClCompile Include="Src\Framework\GameObject\KdGameObject.cpp">
      <Filter>Src\Framework\GameObject</Filter>
    </ClCompile>
    <ClCompile Include="Src\Framework\GameObject\KdGameObjectFactory.cpp">
      <Filter>Src\Framework\GameObject</Filter>
    </ClCompile>
    <ClCompile Include="Src\Framework\Input\KdInput.cpp">
      <Filter>Src\Framework\Input</Filter>
    </ClCompile>
    <ClCompile Include="Src\Framework\Utility\KdCSVData.cpp">
      <Filter>Src\Framework\Utility</Filter>
    </ClCompile>
    <ClCompile Include="Src\Framework\Direct3D\Polygon\KdSquarePolygon.cpp">
      <Filter>Src\Framework\Direct3D\Polygon</Filter>
    </ClCompile>
    <ClCompile Include="Src\Framework\Direct3D\Polygon\KdTrailPolygon.cpp">
      <Filter>Src\Framework\Direct3D\Polygon</Filter>
    </ClCompile>
    <ClCompile Include="Src\Framework\Direct3D\KdMaterial.cpp">
      <Filter>Src\Framework\Direct3D</Filter>
    </ClCompile>
    <ClCompile Include="Src\Framework\Direct3D\Polygon\KdPolygon.cpp">
      <Filter>Src\Framework\Direct3D\Polygon</Filter>
    </ClCompile>
    <ClCompile Include="Src\Framework\Shader\KdAmbientController.cpp">
      <Filter>Src\Framework\Shader</Filter>
    </ClCompile>
    <ClCompile Include="Src\Framework\Math\KdUVAnimation.cpp">
      <Filter>Src\Framework\Math</Filter>
    </ClCompile>
    <ClCompile Include="Src\Framework\Shader\KdRenderTargetChange.cpp">
      <Filter>Src\Framework\Shader</Filter>
    </ClCompile>
    <ClCompile Include="Src\Framework\Utility\KdFPSController.cpp">
      <Filter>Src\Framework\Utility</Filter>
    </ClCompile>
    <ClCompile Include="Src\Framework\Utility\KdDebugWireFrame.cpp">
      <Filter>Src\Framework\Utility</Filter>
    </ClCompile>
    <ClCompile Include="Src\Application\main.cpp">
      <Filter>Src\Application\Main</Filter>
    </ClCompile>
    <ClCompile Include="Src\Application\Object\BaseObject\BaseObject.cpp">
      <Filter>Src\Application\Object\BaseObeject</Filter>
    </ClCompile>
    <ClCompile Include="Src\Application\Object\CameraObject\Camera.cpp">
      <Filter>Src\Application\Object\CameraObject</Filter>
    </ClCompile>
    <ClCompile Include="Src\Application\Object\BordObject\BordObject.cpp">
      <Filter>Src\Application\Object\Model\BordModel</Filter>
    </ClCompile>
    <ClCompile Include="Src\Application\Scene\BaseScene\BaseScene.cpp">
      <Filter>Src\Application\Scene\BaseScene</Filter>
    </ClCompile>
    <ClCompile Include="Src\Application\Scene\GameScene\GameScene.cpp">
      <Filter>Src\Application\Scene\GameScene</Filter>
    </ClCompile>
    <ClCompile Include="Src\Application\Object\PieceObject\KingPiece\KingPieceObject.cpp">
      <Filter>Src\Application\Object\Model\PieceObject\King</Filter>
    </ClCompile>
    <ClCompile Include="Src\Application\Object\PieceObject\PieceBaseObject\PieceBaseObject.cpp">
      <Filter>Src\Application\Object\Model\PieceObject\PieceBaseObject</Filter>
    </ClCompile>
    <ClCompile Include="Src\Application\Object\PieceObject\QueenPiece\QueenPieceObject.cpp">
      <Filter>Src\Application\Object\Model\PieceObject\Queen</Filter>
    </ClCompile>
    <ClCompile Include="Src\Application\Object\PieceObject\RookPiece\RookPieceObject.cpp">
      <Filter>Src\Application\Object\Model\PieceObject\Rook</Filter>
    </ClCompile>
    <ClCompile Include="Src\Application\Object\SkyBox\SkyBox.cpp">
      <Filter>Src\Application\Object\Model\SkyBox</Filter>
    </ClCompile>
    <ClCompile Include="Src\Application\Object\SelectingBord\SelectingBord.cpp">
      <Filter>Src\Application\Object\Model\SelectingBord</Filter>
    </ClCompile>
    <ClCompile Include="Src\Application\UI\PieceSelectingUI\PieceSelectingUI.cpp">
      <Filter>Src\Application\Object\UI\PieceSelectingUI</Filter>
    </ClCompile>
    <ClCompile Include="Src\Application\Object\PieceObject\PawnPiece\PawnPieceObject.cpp">
      <Filter>Src\Application\Object\Model\PieceObject\Pawn</Filter>
    </ClCompile>
    <ClCompile Include="Src\Application\Object\PieceObject\BishopPiece\BishopPieceObject.cpp">
      <Filter>Src\Application\Object\Model\PieceObject\Bishop</Filter>
    </ClCompile>
    <ClCompile Include="Src\Application\Object\PieceObject\KnightPiece\KnightPieceObject.cpp">
      <Filter>Src\Application\Object\Model\PieceObject\Knight</Filter>
    </ClCompile>
    <ClCompile Include="Src\Application\Scene\SceneManager\SceneManager.cpp">
      <Filter>Src\Application\Scene\SceneManager</Filter>
    </ClCompile>
    <ClCompile Include="Src\Application\Scene\TitleScene\TitleScene.cpp">
      <Filter>Src\Application\Scene\TitleScene</Filter>
    </ClCompile>
  </ItemGroup>
  <ItemGroup>
    <None Include="Src\Framework\Shader\inc_KdCommon.hlsli">
      <Filter>Src\Framework\Shader</Filter>
    </None>
    <None Include="Src\Framework\Shader\SpriteShader\inc_KdSpriteShader.hlsli">
      <Filter>Src\Framework\Shader\SpriteShader</Filter>
    </None>
    <None Include="Src\Framework\Shader\HD2DShader\inc_KdHD2DShader.hlsli">
      <Filter>Src\Framework\Shader\HD2DShader</Filter>
    </None>
    <None Include="Src\Framework\Shader\PostProcessShader\inc_KdPostProcessShader.hlsli">
      <Filter>Src\Framework\Shader\PostProcessShader</Filter>
    </None>
  </ItemGroup>
  <ItemGroup>
    <FxCompile Include="Src\Framework\Shader\SpriteShader\KdSpriteShader_PS.hlsl">
      <Filter>Src\Framework\Shader\SpriteShader</Filter>
    </FxCompile>
    <FxCompile Include="Src\Framework\Shader\SpriteShader\KdSpriteShader_VS.hlsl">
      <Filter>Src\Framework\Shader\SpriteShader</Filter>
    </FxCompile>
    <FxCompile Include="Src\Framework\Shader\HD2DShader\KdHD2DShader_VS_Lit.hlsl">
      <Filter>Src\Framework\Shader\HD2DShader</Filter>
    </FxCompile>
    <FxCompile Include="Src\Framework\Shader\HD2DShader\KdHD2DShader_PS_Lit.hlsl">
      <Filter>Src\Framework\Shader\HD2DShader</Filter>
    </FxCompile>
    <FxCompile Include="Src\Framework\Shader\PostProcessShader\KdPostProcessShader_PS_Blur.hlsl">
      <Filter>Src\Framework\Shader\PostProcessShader</Filter>
    </FxCompile>
    <FxCompile Include="Src\Framework\Shader\PostProcessShader\KdPostProcessShader_VS.hlsl">
      <Filter>Src\Framework\Shader\PostProcessShader</Filter>
    </FxCompile>
    <FxCompile Include="Src\Framework\Shader\PostProcessShader\KdPostProcessShader_PS_DoF.hlsl">
      <Filter>Src\Framework\Shader\PostProcessShader</Filter>
    </FxCompile>
    <FxCompile Include="Src\Framework\Shader\PostProcessShader\KdPostProcessShader_PS_Bright.hlsl">
      <Filter>Src\Framework\Shader\PostProcessShader</Filter>
    </FxCompile>
    <FxCompile Include="Src\Framework\Shader\HD2DShader\KdHD2DShader_PS_GenDepthMapFromLight.hlsl">
      <Filter>Src\Framework\Shader\HD2DShader</Filter>
    </FxCompile>
    <FxCompile Include="Src\Framework\Shader\HD2DShader\KdHD2DShader_VS_GenDepthMapFromLight.hlsl">
      <Filter>Src\Framework\Shader\HD2DShader</Filter>
    </FxCompile>
    <FxCompile Include="Src\Framework\Shader\HD2DShader\KdHD2DShader_PS_UnLit.hlsl">
      <Filter>Src\Framework\Shader\HD2DShader</Filter>
    </FxCompile>
    <FxCompile Include="Src\Framework\Shader\HD2DShader\KdHD2DShader_VS_UnLit.hlsl">
      <Filter>Src\Framework\Shader\HD2DShader</Filter>
    </FxCompile>
  </ItemGroup>
</Project>